PODS:
  - MOLCertificate (1.8)
  - MOLCodesignChecker (1.9):
    - MOLCertificate (~> 1.8)
  - OCMock (3.4.1)

DEPENDENCIES:
  - MOLCodesignChecker
  - OCMock

SPEC REPOS:
  https://github.com/cocoapods/specs.git:
    - MOLCertificate
    - MOLCodesignChecker
    - OCMock

SPEC CHECKSUMS:
  MOLCertificate: c999513316d511c69f290fbf313dfe8dca4ad592
  MOLCodesignChecker: 303c01755646a0045c97f9f0b0fe5945ead42130
  OCMock: 2cd0716969bab32a2283ff3a46fd26a8c8b4c5e3

PODFILE CHECKSUM: a4ffc6ae7379e3cf6ccaa45702da66fc9527ae30

COCOAPODS: 1.5.3
