// !$*UTF8*$!
{
	archiveVersion = 1;
	classes = {
	};
	objectVersion = 46;
	objects = {

/* Begin PBXBuildFile section */
		357646E8A42865D0A8094329 /* libPods-MOLXPCConnectionTests.a in Frameworks */ = {isa = PBXBuildFile; fileRef = B640C705D68DCDF2DC9487C8 /* libPods-MOLXPCConnectionTests.a */; };
		53C1B87F1AB3238433B9D364 /* libPods-MOLXPCConnection.a in Frameworks */ = {isa = PBXBuildFile; fileRef = 475A1EE68A70025F81345AC8 /* libPods-MOLXPCConnection.a */; };
		C74701A42048609900895896 /* MOLXPCConnection.m in Sources */ = {isa = PBXBuildFile; fileRef = C74701A32048609100895896 /* MOLXPCConnection.m */; };
		C74701A52048609C00895896 /* MOLXPCConnectionTests.m in Sources */ = {isa = PBXBuildFile; fileRef = C747019F2048609100895896 /* MOLXPCConnectionTests.m */; };
		C74701A62048618800895896 /* MOLXPCConnection.h in Headers */ = {isa = PBXBuildFile; fileRef = C74701A22048609100895896 /* MOLXPCConnection.h */; settings = {ATTRIBUTES = (Public, ); }; };
		C75BA7F71F66E79300E67A35 /* libMOLXPCConnection.dylib in Frameworks */ = {isa = PBXBuildFile; fileRef = C75BA7E21F66E6CE00E67A35 /* libMOLXPCConnection.dylib */; };
/* End PBXBuildFile section */

/* Begin PBXContainerItemProxy section */
		C75BA7F81F66E79300E67A35 /* PBXContainerItemProxy */ = {
			isa = PBXContainerItemProxy;
			containerPortal = C75BA7DA1F66E6CE00E67A35 /* Project object */;
			proxyType = 1;
			remoteGlobalIDString = C75BA7E11F66E6CE00E67A35;
			remoteInfo = MOLXPCConnection;
		};
/* End PBXContainerItemProxy section */

/* Begin PBXFileReference section */
		37180BCCC605A6084325CA7C /* Pods-MOLXPCConnectionTests.release.xcconfig */ = {isa = PBXFileReference; includeInIndex = 1; lastKnownFileType = text.xcconfig; name = "Pods-MOLXPCConnectionTests.release.xcconfig"; path = "Pods/Target Support Files/Pods-MOLXPCConnectionTests/Pods-MOLXPCConnectionTests.release.xcconfig"; sourceTree = "<group>"; };
		475A1EE68A70025F81345AC8 /* libPods-MOLXPCConnection.a */ = {isa = PBXFileReference; explicitFileType = archive.ar; includeInIndex = 0; path = "libPods-MOLXPCConnection.a"; sourceTree = BUILT_PRODUCTS_DIR; };
		A56B1113610DAE6D5912FC62 /* Pods-MOLXPCConnectionTests.debug.xcconfig */ = {isa = PBXFileReference; includeInIndex = 1; lastKnownFileType = text.xcconfig; name = "Pods-MOLXPCConnectionTests.debug.xcconfig"; path = "Pods/Target Support Files/Pods-MOLXPCConnectionTests/Pods-MOLXPCConnectionTests.debug.xcconfig"; sourceTree = "<group>"; };
		B640C705D68DCDF2DC9487C8 /* libPods-MOLXPCConnectionTests.a */ = {isa = PBXFileReference; explicitFileType = archive.ar; includeInIndex = 0; path = "libPods-MOLXPCConnectionTests.a"; sourceTree = BUILT_PRODUCTS_DIR; };
		C747019E2048609100895896 /* Info.plist */ = {isa = PBXFileReference; lastKnownFileType = text.plist.xml; path = Info.plist; sourceTree = "<group>"; };
		C747019F2048609100895896 /* MOLXPCConnectionTests.m */ = {isa = PBXFileReference; lastKnownFileType = sourcecode.c.objc; path = MOLXPCConnectionTests.m; sourceTree = "<group>"; };
		C74701A22048609100895896 /* MOLXPCConnection.h */ = {isa = PBXFileReference; lastKnownFileType = sourcecode.c.h; path = MOLXPCConnection.h; sourceTree = "<group>"; };
		C74701A32048609100895896 /* MOLXPCConnection.m */ = {isa = PBXFileReference; lastKnownFileType = sourcecode.c.objc; path = MOLXPCConnection.m; sourceTree = "<group>"; };
		C75BA7E21F66E6CE00E67A35 /* libMOLXPCConnection.dylib */ = {isa = PBXFileReference; explicitFileType = "compiled.mach-o.dylib"; includeInIndex = 0; path = libMOLXPCConnection.dylib; sourceTree = BUILT_PRODUCTS_DIR; };
		C75BA7F21F66E79300E67A35 /* MOLXPCConnectionTests.xctest */ = {isa = PBXFileReference; explicitFileType = wrapper.cfbundle; includeInIndex = 0; path = MOLXPCConnectionTests.xctest; sourceTree = BUILT_PRODUCTS_DIR; };
		E68BFF9D440292A662549B35 /* Pods-MOLXPCConnection.debug.xcconfig */ = {isa = PBXFileReference; includeInIndex = 1; lastKnownFileType = text.xcconfig; name = "Pods-MOLXPCConnection.debug.xcconfig"; path = "Pods/Target Support Files/Pods-MOLXPCConnection/Pods-MOLXPCConnection.debug.xcconfig"; sourceTree = "<group>"; };
		E8CF3E5116523EF3C534DBEC /* Pods-MOLXPCConnection.release.xcconfig */ = {isa = PBXFileReference; includeInIndex = 1; lastKnownFileType = text.xcconfig; name = "Pods-MOLXPCConnection.release.xcconfig"; path = "Pods/Target Support Files/Pods-MOLXPCConnection/Pods-MOLXPCConnection.release.xcconfig"; sourceTree = "<group>"; };
/* End PBXFileReference section */

/* Begin PBXFrameworksBuildPhase section */
		C75BA7DF1F66E6CE00E67A35 /* Frameworks */ = {
			isa = PBXFrameworksBuildPhase;
			buildActionMask = 2147483647;
			files = (
				53C1B87F1AB3238433B9D364 /* libPods-MOLXPCConnection.a in Frameworks */,
			);
			runOnlyForDeploymentPostprocessing = 0;
		};
		C75BA7EF1F66E79300E67A35 /* Frameworks */ = {
			isa = PBXFrameworksBuildPhase;
			buildActionMask = 2147483647;
			files = (
				C75BA7F71F66E79300E67A35 /* libMOLXPCConnection.dylib in Frameworks */,
				357646E8A42865D0A8094329 /* libPods-MOLXPCConnectionTests.a in Frameworks */,
			);
			runOnlyForDeploymentPostprocessing = 0;
		};
/* End PBXFrameworksBuildPhase section */

/* Begin PBXGroup section */
		7FF03CCEF2A226FE2771685F /* Frameworks */ = {
			isa = PBXGroup;
			children = (
				475A1EE68A70025F81345AC8 /* libPods-MOLXPCConnection.a */,
				B640C705D68DCDF2DC9487C8 /* libPods-MOLXPCConnectionTests.a */,
			);
			name = Frameworks;
			sourceTree = "<group>";
		};
		C747019D2048609100895896 /* Tests */ = {
			isa = PBXGroup;
			children = (
				C747019E2048609100895896 /* Info.plist */,
				C747019F2048609100895896 /* MOLXPCConnectionTests.m */,
			);
			path = Tests;
			sourceTree = "<group>";
		};
		C74701A02048609100895896 /* Source */ = {
			isa = PBXGroup;
			children = (
				C74701A12048609100895896 /* MOLXPCConnection */,
			);
			path = Source;
			sourceTree = "<group>";
		};
		C74701A12048609100895896 /* MOLXPCConnection */ = {
			isa = PBXGroup;
			children = (
				C74701A22048609100895896 /* MOLXPCConnection.h */,
				C74701A32048609100895896 /* MOLXPCConnection.m */,
			);
			path = MOLXPCConnection;
			sourceTree = "<group>";
		};
		C75BA7D91F66E6CE00E67A35 = {
			isa = PBXGroup;
			children = (
				C74701A02048609100895896 /* Source */,
				C747019D2048609100895896 /* Tests */,
				C75BA7E31F66E6CE00E67A35 /* Products */,
				D239261EDF80376517731D50 /* Pods */,
				7FF03CCEF2A226FE2771685F /* Frameworks */,
			);
			sourceTree = "<group>";
		};
		C75BA7E31F66E6CE00E67A35 /* Products */ = {
			isa = PBXGroup;
			children = (
				C75BA7E21F66E6CE00E67A35 /* libMOLXPCConnection.dylib */,
				C75BA7F21F66E79300E67A35 /* MOLXPCConnectionTests.xctest */,
			);
			name = Products;
			sourceTree = "<group>";
		};
		D239261EDF80376517731D50 /* Pods */ = {
			isa = PBXGroup;
			children = (
				E68BFF9D440292A662549B35 /* Pods-MOLXPCConnection.debug.xcconfig */,
				E8CF3E5116523EF3C534DBEC /* Pods-MOLXPCConnection.release.xcconfig */,
				A56B1113610DAE6D5912FC62 /* Pods-MOLXPCConnectionTests.debug.xcconfig */,
				37180BCCC605A6084325CA7C /* Pods-MOLXPCConnectionTests.release.xcconfig */,
			);
			name = Pods;
			sourceTree = "<group>";
		};
/* End PBXGroup section */

/* Begin PBXHeadersBuildPhase section */
		C75BA7E01F66E6CE00E67A35 /* Headers */ = {
			isa = PBXHeadersBuildPhase;
			buildActionMask = 2147483647;
			files = (
				C74701A62048618800895896 /* MOLXPCConnection.h in Headers */,
			);
			runOnlyForDeploymentPostprocessing = 0;
		};
/* End PBXHeadersBuildPhase section */

/* Begin PBXNativeTarget section */
		C75BA7E11F66E6CE00E67A35 /* MOLXPCConnection */ = {
			isa = PBXNativeTarget;
			buildConfigurationList = C75BA7EB1F66E6CE00E67A35 /* Build configuration list for PBXNativeTarget "MOLXPCConnection" */;
			buildPhases = (
				535CF863713CA96A66565003 /* [CP] Check Pods Manifest.lock */,
				C75BA7DE1F66E6CE00E67A35 /* Sources */,
				C75BA7DF1F66E6CE00E67A35 /* Frameworks */,
				C75BA7E01F66E6CE00E67A35 /* Headers */,
			);
			buildRules = (
			);
			dependencies = (
			);
			name = MOLXPCConnection;
			productName = MOLXPCConnection;
			productReference = C75BA7E21F66E6CE00E67A35 /* libMOLXPCConnection.dylib */;
			productType = "com.apple.product-type.library.dynamic";
		};
		C75BA7F11F66E79300E67A35 /* MOLXPCConnectionTests */ = {
			isa = PBXNativeTarget;
			buildConfigurationList = C75BA7FC1F66E79300E67A35 /* Build configuration list for PBXNativeTarget "MOLXPCConnectionTests" */;
			buildPhases = (
				3B5B88967B501B7F6BF5D494 /* [CP] Check Pods Manifest.lock */,
				C75BA7EE1F66E79300E67A35 /* Sources */,
				C75BA7EF1F66E79300E67A35 /* Frameworks */,
				C75BA7F01F66E79300E67A35 /* Resources */,
			);
			buildRules = (
			);
			dependencies = (
				C75BA7F91F66E79300E67A35 /* PBXTargetDependency */,
			);
			name = MOLXPCConnectionTests;
			productName = MOLXPCConnectionTests;
			productReference = C75BA7F21F66E79300E67A35 /* MOLXPCConnectionTests.xctest */;
			productType = "com.apple.product-type.bundle.unit-test";
		};
/* End PBXNativeTarget section */

/* Begin PBXProject section */
		C75BA7DA1F66E6CE00E67A35 /* Project object */ = {
			isa = PBXProject;
			attributes = {
				LastUpgradeCheck = 0920;
				ORGANIZATIONNAME = Google;
				TargetAttributes = {
					C75BA7E11F66E6CE00E67A35 = {
						CreatedOnToolsVersion = 8.3.2;
					};
					C75BA7F11F66E79300E67A35 = {
						CreatedOnToolsVersion = 8.3.2;
						ProvisioningStyle = Manual;
					};
				};
			};
			buildConfigurationList = C75BA7DD1F66E6CE00E67A35 /* Build configuration list for PBXProject "MOLXPCConnection" */;
			compatibilityVersion = "Xcode 3.2";
			developmentRegion = English;
			hasScannedForEncodings = 0;
			knownRegions = (
				en,
			);
			mainGroup = C75BA7D91F66E6CE00E67A35;
			productRefGroup = C75BA7E31F66E6CE00E67A35 /* Products */;
			projectDirPath = "";
			projectRoot = "";
			targets = (
				C75BA7E11F66E6CE00E67A35 /* MOLXPCConnection */,
				C75BA7F11F66E79300E67A35 /* MOLXPCConnectionTests */,
			);
		};
/* End PBXProject section */

/* Begin PBXResourcesBuildPhase section */
		C75BA7F01F66E79300E67A35 /* Resources */ = {
			isa = PBXResourcesBuildPhase;
			buildActionMask = 2147483647;
			files = (
			);
			runOnlyForDeploymentPostprocessing = 0;
		};
/* End PBXResourcesBuildPhase section */

/* Begin PBXShellScriptBuildPhase section */
		3B5B88967B501B7F6BF5D494 /* [CP] Check Pods Manifest.lock */ = {
			isa = PBXShellScriptBuildPhase;
			buildActionMask = 2147483647;
			files = (
			);
			inputPaths = (
				"${PODS_PODFILE_DIR_PATH}/Podfile.lock",
				"${PODS_ROOT}/Manifest.lock",
			);
			name = "[CP] Check Pods Manifest.lock";
			outputPaths = (
				"$(DERIVED_FILE_DIR)/Pods-MOLXPCConnectionTests-checkManifestLockResult.txt",
			);
			runOnlyForDeploymentPostprocessing = 0;
			shellPath = /bin/sh;
			shellScript = "diff \"${PODS_PODFILE_DIR_PATH}/Podfile.lock\" \"${PODS_ROOT}/Manifest.lock\" > /dev/null\nif [ $? != 0 ] ; then\n    # print error to STDERR\n    echo \"error: The sandbox is not in sync with the Podfile.lock. Run 'pod install' or update your CocoaPods installation.\" >&2\n    exit 1\nfi\n# This output is used by Xcode 'outputs' to avoid re-running this script phase.\necho \"SUCCESS\" > \"${SCRIPT_OUTPUT_FILE_0}\"\n";
			showEnvVarsInLog = 0;
		};
		535CF863713CA96A66565003 /* [CP] Check Pods Manifest.lock */ = {
			isa = PBXShellScriptBuildPhase;
			buildActionMask = 2147483647;
			files = (
			);
			inputPaths = (
				"${PODS_PODFILE_DIR_PATH}/Podfile.lock",
				"${PODS_ROOT}/Manifest.lock",
			);
			name = "[CP] Check Pods Manifest.lock";
			outputPaths = (
				"$(DERIVED_FILE_DIR)/Pods-MOLXPCConnection-checkManifestLockResult.txt",
			);
			runOnlyForDeploymentPostprocessing = 0;
			shellPath = /bin/sh;
			shellScript = "diff \"${PODS_PODFILE_DIR_PATH}/Podfile.lock\" \"${PODS_ROOT}/Manifest.lock\" > /dev/null\nif [ $? != 0 ] ; then\n    # print error to STDERR\n    echo \"error: The sandbox is not in sync with the Podfile.lock. Run 'pod install' or update your CocoaPods installation.\" >&2\n    exit 1\nfi\n# This output is used by Xcode 'outputs' to avoid re-running this script phase.\necho \"SUCCESS\" > \"${SCRIPT_OUTPUT_FILE_0}\"\n";
			showEnvVarsInLog = 0;
		};
/* End PBXShellScriptBuildPhase section */

/* Begin PBXSourcesBuildPhase section */
		C75BA7DE1F66E6CE00E67A35 /* Sources */ = {
			isa = PBXSourcesBuildPhase;
			buildActionMask = 2147483647;
			files = (
				C74701A42048609900895896 /* MOLXPCConnection.m in Sources */,
			);
			runOnlyForDeploymentPostprocessing = 0;
		};
		C75BA7EE1F66E79300E67A35 /* Sources */ = {
			isa = PBXSourcesBuildPhase;
			buildActionMask = 2147483647;
			files = (
				C74701A52048609C00895896 /* MOLXPCConnectionTests.m in Sources */,
			);
			runOnlyForDeploymentPostprocessing = 0;
		};
/* End PBXSourcesBuildPhase section */

/* Begin PBXTargetDependency section */
		C75BA7F91F66E79300E67A35 /* PBXTargetDependency */ = {
			isa = PBXTargetDependency;
			target = C75BA7E11F66E6CE00E67A35 /* MOLXPCConnection */;
			targetProxy = C75BA7F81F66E79300E67A35 /* PBXContainerItemProxy */;
		};
/* End PBXTargetDependency section */

/* Begin XCBuildConfiguration section */
		C75BA7E91F66E6CE00E67A35 /* Debug */ = {
			isa = XCBuildConfiguration;
			buildSettings = {
				ALWAYS_SEARCH_USER_PATHS = NO;
				CLANG_ANALYZER_NONNULL = YES;
				CLANG_ANALYZER_NUMBER_OBJECT_CONVERSION = YES_AGGRESSIVE;
				CLANG_CXX_LANGUAGE_STANDARD = "gnu++0x";
				CLANG_CXX_LIBRARY = "libc++";
				CLANG_ENABLE_MODULES = YES;
				CLANG_ENABLE_OBJC_ARC = YES;
				CLANG_ENABLE_OBJC_WEAK = YES;
				CLANG_WARN_BLOCK_CAPTURE_AUTORELEASING = YES;
				CLANG_WARN_BOOL_CONVERSION = YES;
				CLANG_WARN_COMMA = YES;
				CLANG_WARN_CONSTANT_CONVERSION = YES;
				CLANG_WARN_DIRECT_OBJC_ISA_USAGE = YES_ERROR;
				CLANG_WARN_DOCUMENTATION_COMMENTS = YES;
				CLANG_WARN_EMPTY_BODY = YES;
				CLANG_WARN_ENUM_CONVERSION = YES;
				CLANG_WARN_INFINITE_RECURSION = YES;
				CLANG_WARN_INT_CONVERSION = YES;
				CLANG_WARN_NON_LITERAL_NULL_CONVERSION = YES;
				CLANG_WARN_OBJC_LITERAL_CONVERSION = YES;
				CLANG_WARN_OBJC_ROOT_CLASS = YES_ERROR;
				CLANG_WARN_RANGE_LOOP_ANALYSIS = YES;
				CLANG_WARN_STRICT_PROTOTYPES = YES;
				CLANG_WARN_SUSPICIOUS_MOVE = YES;
				CLANG_WARN_UNREACHABLE_CODE = YES;
				CLANG_WARN__DUPLICATE_METHOD_MATCH = YES;
				COPY_PHASE_STRIP = NO;
				DEBUG_INFORMATION_FORMAT = dwarf;
				ENABLE_STRICT_OBJC_MSGSEND = YES;
				ENABLE_TESTABILITY = YES;
				GCC_C_LANGUAGE_STANDARD = gnu99;
				GCC_DYNAMIC_NO_PIC = NO;
				GCC_NO_COMMON_BLOCKS = YES;
				GCC_OPTIMIZATION_LEVEL = 0;
				GCC_PREPROCESSOR_DEFINITIONS = (
					"DEBUG=1",
					"$(inherited)",
				);
				GCC_WARN_64_TO_32_BIT_CONVERSION = YES;
				GCC_WARN_ABOUT_RETURN_TYPE = YES_ERROR;
				GCC_WARN_UNDECLARED_SELECTOR = YES;
				GCC_WARN_UNINITIALIZED_AUTOS = YES_AGGRESSIVE;
				GCC_WARN_UNUSED_FUNCTION = YES;
				GCC_WARN_UNUSED_VARIABLE = YES;
				MACOSX_DEPLOYMENT_TARGET = 10.8;
				MTL_ENABLE_DEBUG_INFO = YES;
				ONLY_ACTIVE_ARCH = YES;
				SDKROOT = macosx;
			};
			name = Debug;
		};
		C75BA7EA1F66E6CE00E67A35 /* Release */ = {
			isa = XCBuildConfiguration;
			buildSettings = {
				ALWAYS_SEARCH_USER_PATHS = NO;
				CLANG_ANALYZER_NONNULL = YES;
				CLANG_ANALYZER_NUMBER_OBJECT_CONVERSION = YES_AGGRESSIVE;
				CLANG_CXX_LANGUAGE_STANDARD = "gnu++0x";
				CLANG_CXX_LIBRARY = "libc++";
				CLANG_ENABLE_MODULES = YES;
				CLANG_ENABLE_OBJC_ARC = YES;
				CLANG_ENABLE_OBJC_WEAK = YES;
				CLANG_WARN_BLOCK_CAPTURE_AUTORELEASING = YES;
				CLANG_WARN_BOOL_CONVERSION = YES;
				CLANG_WARN_COMMA = YES;
				CLANG_WARN_CONSTANT_CONVERSION = YES;
				CLANG_WARN_DIRECT_OBJC_ISA_USAGE = YES_ERROR;
				CLANG_WARN_DOCUMENTATION_COMMENTS = YES;
				CLANG_WARN_EMPTY_BODY = YES;
				CLANG_WARN_ENUM_CONVERSION = YES;
				CLANG_WARN_INFINITE_RECURSION = YES;
				CLANG_WARN_INT_CONVERSION = YES;
				CLANG_WARN_NON_LITERAL_NULL_CONVERSION = YES;
				CLANG_WARN_OBJC_LITERAL_CONVERSION = YES;
				CLANG_WARN_OBJC_ROOT_CLASS = YES_ERROR;
				CLANG_WARN_RANGE_LOOP_ANALYSIS = YES;
				CLANG_WARN_STRICT_PROTOTYPES = YES;
				CLANG_WARN_SUSPICIOUS_MOVE = YES;
				CLANG_WARN_UNREACHABLE_CODE = YES;
				CLANG_WARN__DUPLICATE_METHOD_MATCH = YES;
				COPY_PHASE_STRIP = NO;
				DEBUG_INFORMATION_FORMAT = "dwarf-with-dsym";
				ENABLE_NS_ASSERTIONS = NO;
				ENABLE_STRICT_OBJC_MSGSEND = YES;
				GCC_C_LANGUAGE_STANDARD = gnu99;
				GCC_NO_COMMON_BLOCKS = YES;
				GCC_WARN_64_TO_32_BIT_CONVERSION = YES;
				GCC_WARN_ABOUT_RETURN_TYPE = YES_ERROR;
				GCC_WARN_UNDECLARED_SELECTOR = YES;
				GCC_WARN_UNINITIALIZED_AUTOS = YES_AGGRESSIVE;
				GCC_WARN_UNUSED_FUNCTION = YES;
				GCC_WARN_UNUSED_VARIABLE = YES;
				MACOSX_DEPLOYMENT_TARGET = 10.8;
				MTL_ENABLE_DEBUG_INFO = NO;
				SDKROOT = macosx;
			};
			name = Release;
		};
		C75BA7EC1F66E6CE00E67A35 /* Debug */ = {
			isa = XCBuildConfiguration;
			baseConfigurationReference = E68BFF9D440292A662549B35 /* Pods-MOLXPCConnection.debug.xcconfig */;
			buildSettings = {
				DEVELOPMENT_TEAM = "";
				DYLIB_COMPATIBILITY_VERSION = 1;
				DYLIB_CURRENT_VERSION = 1;
				EXECUTABLE_PREFIX = lib;
				PRODUCT_NAME = "$(TARGET_NAME)";
				PROVISIONING_PROFILE_SPECIFIER = "";
			};
			name = Debug;
		};
		C75BA7ED1F66E6CE00E67A35 /* Release */ = {
			isa = XCBuildConfiguration;
			baseConfigurationReference = E8CF3E5116523EF3C534DBEC /* Pods-MOLXPCConnection.release.xcconfig */;
			buildSettings = {
				DEVELOPMENT_TEAM = "";
				DYLIB_COMPATIBILITY_VERSION = 1;
				DYLIB_CURRENT_VERSION = 1;
				EXECUTABLE_PREFIX = lib;
				PRODUCT_NAME = "$(TARGET_NAME)";
				PROVISIONING_PROFILE_SPECIFIER = "";
			};
			name = Release;
		};
		C75BA7FA1F66E79300E67A35 /* Debug */ = {
			isa = XCBuildConfiguration;
			baseConfigurationReference = A56B1113610DAE6D5912FC62 /* Pods-MOLXPCConnectionTests.debug.xcconfig */;
			buildSettings = {
				COMBINE_HIDPI_IMAGES = YES;
				DEVELOPMENT_TEAM = "";
				INFOPLIST_FILE = Tests/Info.plist;
				LD_RUNPATH_SEARCH_PATHS = "$(inherited) @executable_path/../Frameworks @loader_path/../Frameworks";
				PRODUCT_BUNDLE_IDENTIFIER = com.google.corp.MOLXPCConnectionTests;
				PRODUCT_NAME = "$(TARGET_NAME)";
				PROVISIONING_PROFILE_SPECIFIER = "";
			};
			name = Debug;
		};
		C75BA7FB1F66E79300E67A35 /* Release */ = {
			isa = XCBuildConfiguration;
			baseConfigurationReference = 37180BCCC605A6084325CA7C /* Pods-MOLXPCConnectionTests.release.xcconfig */;
			buildSettings = {
				COMBINE_HIDPI_IMAGES = YES;
				DEVELOPMENT_TEAM = "";
				INFOPLIST_FILE = Tests/Info.plist;
				LD_RUNPATH_SEARCH_PATHS = "$(inherited) @executable_path/../Frameworks @loader_path/../Frameworks";
				PRODUCT_BUNDLE_IDENTIFIER = com.google.corp.MOLXPCConnectionTests;
				PRODUCT_NAME = "$(TARGET_NAME)";
				PROVISIONING_PROFILE_SPECIFIER = "";
			};
			name = Release;
		};
/* End XCBuildConfiguration section */

/* Begin XCConfigurationList section */
		C75BA7DD1F66E6CE00E67A35 /* Build configuration list for PBXProject "MOLXPCConnection" */ = {
			isa = XCConfigurationList;
			buildConfigurations = (
				C75BA7E91F66E6CE00E67A35 /* Debug */,
				C75BA7EA1F66E6CE00E67A35 /* Release */,
			);
			defaultConfigurationIsVisible = 0;
			defaultConfigurationName = Release;
		};
		C75BA7EB1F66E6CE00E67A35 /* Build configuration list for PBXNativeTarget "MOLXPCConnection" */ = {
			isa = XCConfigurationList;
			buildConfigurations = (
				C75BA7EC1F66E6CE00E67A35 /* Debug */,
				C75BA7ED1F66E6CE00E67A35 /* Release */,
			);
			defaultConfigurationIsVisible = 0;
			defaultConfigurationName = Release;
		};
		C75BA7FC1F66E79300E67A35 /* Build configuration list for PBXNativeTarget "MOLXPCConnectionTests" */ = {
			isa = XCConfigurationList;
			buildConfigurations = (
				C75BA7FA1F66E79300E67A35 /* Debug */,
				C75BA7FB1F66E79300E67A35 /* Release */,
			);
			defaultConfigurationIsVisible = 0;
			defaultConfigurationName = Release;
		};
/* End XCConfigurationList section */
	};
	rootObject = C75BA7DA1F66E6CE00E67A35 /* Project object */;
}
